
Microsoft Visual Studio Solution File, Format Version 12.00
# Visual Studio 15
VisualStudioVersion = 15.0.26228.9
MinimumVisualStudioVersion = 10.0.40219.1
Project("{FAE04EC0-301F-11D3-BF4B-00C04F79EFBC}") = "Backend.API", "Backend.API\Backend.API.csproj", "{2FB3D407-A6D7-4DCE-8420-73E9E7BFFF61}"
EndProject
Project("{FAE04EC0-301F-11D3-BF4B-00C04F79EFBC}") = "Backend.API.Tests", "Backend.API.Tests\Backend.API.Tests.csproj", "{2393F81E-BCB0-4A1A-9DF7-BBEE1AF5DDB7}"
EndProject
Global
	GlobalSection(SolutionConfigurationPlatforms) = preSolution
		Debug|Any CPU = Debug|Any CPU
		Release|Any CPU = Release|Any CPU
	EndGlobalSection
	GlobalSection(ProjectConfigurationPlatforms) = postSolution
		{2FB3D407-A6D7-4DCE-8420-73E9E7BFFF61}.Debug|Any CPU.ActiveCfg = Debug|Any CPU
		{2FB3D407-A6D7-4DCE-8420-73E9E7BFFF61}.Debug|Any CPU.Build.0 = Debug|Any CPU
		{2FB3D407-A6D7-4DCE-8420-73E9E7BFFF61}.Release|Any CPU.ActiveCfg = Release|Any CPU
		{2FB3D407-A6D7-4DCE-8420-73E9E7BFFF61}.Release|Any CPU.Build.0 = Release|Any CPU
		{2393F81E-BCB0-4A1A-9DF7-BBEE1AF5DDB7}.Debug|Any CPU.ActiveCfg = Debug|Any CPU
		{2393F81E-BCB0-4A1A-9DF7-BBEE1AF5DDB7}.Debug|Any CPU.Build.0 = Debug|Any CPU
		{2393F81E-BCB0-4A1A-9DF7-BBEE1AF5DDB7}.Release|Any CPU.ActiveCfg = Release|Any CPU
		{2393F81E-BCB0-4A1A-9DF7-BBEE1AF5DDB7}.Release|Any CPU.Build.0 = Release|Any CPU
	EndGlobalSection
	GlobalSection(SolutionProperties) = preSolution
		HideSolutionNode = FALSE
	EndGlobalSection
EndGlobal
